
Microsoft Visual Studio Solution File, Format Version 12.00
# Visual Studio Version 17
VisualStudioVersion = 17.0.31903.59
MinimumVisualStudioVersion = 10.0.40219.1
Project("{2150E333-8FDC-42A3-9474-1A3956D46DE8}") = "src", "src", "{827E0CD3-B72D-47B6-A68D-7590B98EB39B}"
EndProject
Project("{FAE04EC0-301F-11D3-BF4B-00C04F79EFBC}") = "ToleranceTool.Core", "src\ToleranceTool.Core\ToleranceTool.Core.csproj", "{0AAB008F-986F-43E4-8621-261DFE607E47}"
EndProject
Project("{FAE04EC0-301F-11D3-BF4B-00C04F79EFBC}") = "ToleranceTool.Configuration", "src\ToleranceTool.Configuration\ToleranceTool.Configuration.csproj", "{0A824786-EEDC-400A-A087-9B6E03E8BF3A}"
EndProject
Project("{FAE04EC0-301F-11D3-BF4B-00C04F79EFBC}") = "ToleranceTool.Import", "src\ToleranceTool.Import\ToleranceTool.Import.csproj", "{DCC1445B-0CBB-4978-967C-CC76E205DA31}"
EndProject
Project("{FAE04EC0-301F-11D3-BF4B-00C04F79EFBC}") = "ToleranceTool.Excel", "src\ToleranceTool.Excel\ToleranceTool.Excel.csproj", "{31C30A62-966C-4091-86A2-C38076455B8C}"
EndProject
Project("{FAE04EC0-301F-11D3-BF4B-00C04F79EFBC}") = "ToleranceTool.UI", "src\ToleranceTool.UI\ToleranceTool.UI.csproj", "{69519A13-1BE8-423C-9865-6CF4365CDB9B}"
EndProject
Project("{FAE04EC0-301F-11D3-BF4B-00C04F79EFBC}") = "ToleranceTool.AddIn", "src\ToleranceTool.AddIn\ToleranceTool.AddIn.csproj", "{74637D70-2DE3-4CAE-9E39-F90FC2C5D893}"
EndProject
Project("{2150E333-8FDC-42A3-9474-1A3956D46DE8}") = "tests", "tests", "{0AB3BF05-4346-4AA6-1389-037BE0695223}"
EndProject
Project("{FAE04EC0-301F-11D3-BF4B-00C04F79EFBC}") = "ToleranceTool.Tests", "tests\ToleranceTool.Tests\ToleranceTool.Tests.csproj", "{3F437342-9087-4806-8691-4711E4C53CB2}"
EndProject
Project("{FAE04EC0-301F-11D3-BF4B-00C04F79EFBC}") = "ToleranceTool.Wpf", "src\ToleranceTool.Wpf\ToleranceTool.Wpf.csproj", "{5D41D433-D01A-4661-A97E-221DD5283901}"
EndProject
Global
	GlobalSection(SolutionConfigurationPlatforms) = preSolution
		Debug|Any CPU = Debug|Any CPU
		Debug|x64 = Debug|x64
		Debug|x86 = Debug|x86
		Release|Any CPU = Release|Any CPU
		Release|x64 = Release|x64
		Release|x86 = Release|x86
	EndGlobalSection
	GlobalSection(ProjectConfigurationPlatforms) = postSolution
		{0AAB008F-986F-43E4-8621-261DFE607E47}.Debug|Any CPU.ActiveCfg = Debug|x64
		{0AAB008F-986F-43E4-8621-261DFE607E47}.Debug|Any CPU.Build.0 = Debug|x64
		{0AAB008F-986F-43E4-8621-261DFE607E47}.Debug|x64.ActiveCfg = Debug|x64
		{0AAB008F-986F-43E4-8621-261DFE607E47}.Debug|x64.Build.0 = Debug|x64
		{0AAB008F-986F-43E4-8621-261DFE607E47}.Debug|x86.ActiveCfg = Debug|x64
		{0AAB008F-986F-43E4-8621-261DFE607E47}.Debug|x86.Build.0 = Debug|x64
		{0AAB008F-986F-43E4-8621-261DFE607E47}.Release|Any CPU.ActiveCfg = Release|x64
		{0AAB008F-986F-43E4-8621-261DFE607E47}.Release|Any CPU.Build.0 = Release|x64
		{0AAB008F-986F-43E4-8621-261DFE607E47}.Release|x64.ActiveCfg = Release|x64
		{0AAB008F-986F-43E4-8621-261DFE607E47}.Release|x64.Build.0 = Release|x64
		{0AAB008F-986F-43E4-8621-261DFE607E47}.Release|x86.ActiveCfg = Release|x64
		{0AAB008F-986F-43E4-8621-261DFE607E47}.Release|x86.Build.0 = Release|x64
		{0A824786-EEDC-400A-A087-9B6E03E8BF3A}.Debug|Any CPU.ActiveCfg = Debug|x64
		{0A824786-EEDC-400A-A087-9B6E03E8BF3A}.Debug|Any CPU.Build.0 = Debug|x64
		{0A824786-EEDC-400A-A087-9B6E03E8BF3A}.Debug|x64.ActiveCfg = Debug|x64
		{0A824786-EEDC-400A-A087-9B6E03E8BF3A}.Debug|x64.Build.0 = Debug|x64
		{0A824786-EEDC-400A-A087-9B6E03E8BF3A}.Debug|x86.ActiveCfg = Debug|x64
		{0A824786-EEDC-400A-A087-9B6E03E8BF3A}.Debug|x86.Build.0 = Debug|x64
		{0A824786-EEDC-400A-A087-9B6E03E8BF3A}.Release|Any CPU.ActiveCfg = Release|x64
		{0A824786-EEDC-400A-A087-9B6E03E8BF3A}.Release|Any CPU.Build.0 = Release|x64
		{0A824786-EEDC-400A-A087-9B6E03E8BF3A}.Release|x64.ActiveCfg = Release|x64
		{0A824786-EEDC-400A-A087-9B6E03E8BF3A}.Release|x64.Build.0 = Release|x64
		{0A824786-EEDC-400A-A087-9B6E03E8BF3A}.Release|x86.ActiveCfg = Release|x64
		{0A824786-EEDC-400A-A087-9B6E03E8BF3A}.Release|x86.Build.0 = Release|x64
		{DCC1445B-0CBB-4978-967C-CC76E205DA31}.Debug|Any CPU.ActiveCfg = Debug|x64
		{DCC1445B-0CBB-4978-967C-CC76E205DA31}.Debug|Any CPU.Build.0 = Debug|x64
		{DCC1445B-0CBB-4978-967C-CC76E205DA31}.Debug|x64.ActiveCfg = Debug|x64
		{DCC1445B-0CBB-4978-967C-CC76E205DA31}.Debug|x64.Build.0 = Debug|x64
		{DCC1445B-0CBB-4978-967C-CC76E205DA31}.Debug|x86.ActiveCfg = Debug|x64
		{DCC1445B-0CBB-4978-967C-CC76E205DA31}.Debug|x86.Build.0 = Debug|x64
		{DCC1445B-0CBB-4978-967C-CC76E205DA31}.Release|Any CPU.ActiveCfg = Release|x64
		{DCC1445B-0CBB-4978-967C-CC76E205DA31}.Release|Any CPU.Build.0 = Release|x64
		{DCC1445B-0CBB-4978-967C-CC76E205DA31}.Release|x64.ActiveCfg = Release|x64
		{DCC1445B-0CBB-4978-967C-CC76E205DA31}.Release|x64.Build.0 = Release|x64
		{DCC1445B-0CBB-4978-967C-CC76E205DA31}.Release|x86.ActiveCfg = Release|x64
		{DCC1445B-0CBB-4978-967C-CC76E205DA31}.Release|x86.Build.0 = Release|x64
		{31C30A62-966C-4091-86A2-C38076455B8C}.Debug|Any CPU.ActiveCfg = Debug|x64
		{31C30A62-966C-4091-86A2-C38076455B8C}.Debug|Any CPU.Build.0 = Debug|x64
		{31C30A62-966C-4091-86A2-C38076455B8C}.Debug|x64.ActiveCfg = Debug|x64
		{31C30A62-966C-4091-86A2-C38076455B8C}.Debug|x64.Build.0 = Debug|x64
		{31C30A62-966C-4091-86A2-C38076455B8C}.Debug|x86.ActiveCfg = Debug|x64
		{31C30A62-966C-4091-86A2-C38076455B8C}.Debug|x86.Build.0 = Debug|x64
		{31C30A62-966C-4091-86A2-C38076455B8C}.Release|Any CPU.ActiveCfg = Release|x64
		{31C30A62-966C-4091-86A2-C38076455B8C}.Release|Any CPU.Build.0 = Release|x64
		{31C30A62-966C-4091-86A2-C38076455B8C}.Release|x64.ActiveCfg = Release|x64
		{31C30A62-966C-4091-86A2-C38076455B8C}.Release|x64.Build.0 = Release|x64
		{31C30A62-966C-4091-86A2-C38076455B8C}.Release|x86.ActiveCfg = Release|x64
		{31C30A62-966C-4091-86A2-C38076455B8C}.Release|x86.Build.0 = Release|x64
		{69519A13-1BE8-423C-9865-6CF4365CDB9B}.Debug|Any CPU.ActiveCfg = Debug|x64
		{69519A13-1BE8-423C-9865-6CF4365CDB9B}.Debug|Any CPU.Build.0 = Debug|x64
		{69519A13-1BE8-423C-9865-6CF4365CDB9B}.Debug|x64.ActiveCfg = Debug|x64
		{69519A13-1BE8-423C-9865-6CF4365CDB9B}.Debug|x64.Build.0 = Debug|x64
		{69519A13-1BE8-423C-9865-6CF4365CDB9B}.Debug|x86.ActiveCfg = Debug|x64
		{69519A13-1BE8-423C-9865-6CF4365CDB9B}.Debug|x86.Build.0 = Debug|x64
		{69519A13-1BE8-423C-9865-6CF4365CDB9B}.Release|Any CPU.ActiveCfg = Release|x64
		{69519A13-1BE8-423C-9865-6CF4365CDB9B}.Release|Any CPU.Build.0 = Release|x64
		{69519A13-1BE8-423C-9865-6CF4365CDB9B}.Release|x64.ActiveCfg = Release|x64
		{69519A13-1BE8-423C-9865-6CF4365CDB9B}.Release|x64.Build.0 = Release|x64
		{69519A13-1BE8-423C-9865-6CF4365CDB9B}.Release|x86.ActiveCfg = Release|x64
		{69519A13-1BE8-423C-9865-6CF4365CDB9B}.Release|x86.Build.0 = Release|x64
		{74637D70-2DE3-4CAE-9E39-F90FC2C5D893}.Debug|Any CPU.ActiveCfg = Debug|x64
		{74637D70-2DE3-4CAE-9E39-F90FC2C5D893}.Debug|Any CPU.Build.0 = Debug|x64
		{74637D70-2DE3-4CAE-9E39-F90FC2C5D893}.Debug|x64.ActiveCfg = Debug|x64
		{74637D70-2DE3-4CAE-9E39-F90FC2C5D893}.Debug|x64.Build.0 = Debug|x64
		{74637D70-2DE3-4CAE-9E39-F90FC2C5D893}.Debug|x86.ActiveCfg = Debug|x64
		{74637D70-2DE3-4CAE-9E39-F90FC2C5D893}.Debug|x86.Build.0 = Debug|x64
		{74637D70-2DE3-4CAE-9E39-F90FC2C5D893}.Release|Any CPU.ActiveCfg = Release|x64
		{74637D70-2DE3-4CAE-9E39-F90FC2C5D893}.Release|Any CPU.Build.0 = Release|x64
		{74637D70-2DE3-4CAE-9E39-F90FC2C5D893}.Release|x64.ActiveCfg = Release|x64
		{74637D70-2DE3-4CAE-9E39-F90FC2C5D893}.Release|x64.Build.0 = Release|x64
		{74637D70-2DE3-4CAE-9E39-F90FC2C5D893}.Release|x86.ActiveCfg = Release|x64
		{74637D70-2DE3-4CAE-9E39-F90FC2C5D893}.Release|x86.Build.0 = Release|x64
		{3F437342-9087-4806-8691-4711E4C53CB2}.Debug|Any CPU.ActiveCfg = Debug|x64
		{3F437342-9087-4806-8691-4711E4C53CB2}.Debug|Any CPU.Build.0 = Debug|x64
		{3F437342-9087-4806-8691-4711E4C53CB2}.Debug|x64.ActiveCfg = Debug|x64
		{3F437342-9087-4806-8691-4711E4C53CB2}.Debug|x64.Build.0 = Debug|x64
		{3F437342-9087-4806-8691-4711E4C53CB2}.Debug|x86.ActiveCfg = Debug|x64
		{3F437342-9087-4806-8691-4711E4C53CB2}.Debug|x86.Build.0 = Debug|x64
		{3F437342-9087-4806-8691-4711E4C53CB2}.Release|Any CPU.ActiveCfg = Release|x64
		{3F437342-9087-4806-8691-4711E4C53CB2}.Release|Any CPU.Build.0 = Release|x64
		{3F437342-9087-4806-8691-4711E4C53CB2}.Release|x64.ActiveCfg = Release|x64
		{3F437342-9087-4806-8691-4711E4C53CB2}.Release|x64.Build.0 = Release|x64
		{3F437342-9087-4806-8691-4711E4C53CB2}.Release|x86.ActiveCfg = Release|x64
		{3F437342-9087-4806-8691-4711E4C53CB2}.Release|x86.Build.0 = Release|x64
		{5D41D433-D01A-4661-A97E-221DD5283901}.Debug|Any CPU.ActiveCfg = Debug|x64
		{5D41D433-D01A-4661-A97E-221DD5283901}.Debug|Any CPU.Build.0 = Debug|x64
		{5D41D433-D01A-4661-A97E-221DD5283901}.Debug|x64.ActiveCfg = Debug|x64
		{5D41D433-D01A-4661-A97E-221DD5283901}.Debug|x64.Build.0 = Debug|x64
		{5D41D433-D01A-4661-A97E-221DD5283901}.Debug|x86.ActiveCfg = Debug|x64
		{5D41D433-D01A-4661-A97E-221DD5283901}.Debug|x86.Build.0 = Debug|x64
		{5D41D433-D01A-4661-A97E-221DD5283901}.Release|Any CPU.ActiveCfg = Release|x64
		{5D41D433-D01A-4661-A97E-221DD5283901}.Release|Any CPU.Build.0 = Release|x64
		{5D41D433-D01A-4661-A97E-221DD5283901}.Release|x64.ActiveCfg = Release|x64
		{5D41D433-D01A-4661-A97E-221DD5283901}.Release|x64.Build.0 = Release|x64
		{5D41D433-D01A-4661-A97E-221DD5283901}.Release|x86.ActiveCfg = Release|x64
		{5D41D433-D01A-4661-A97E-221DD5283901}.Release|x86.Build.0 = Release|x64
	EndGlobalSection
	GlobalSection(SolutionProperties) = preSolution
		HideSolutionNode = FALSE
	EndGlobalSection
	GlobalSection(NestedProjects) = preSolution
		{0AAB008F-986F-43E4-8621-261DFE607E47} = {827E0CD3-B72D-47B6-A68D-7590B98EB39B}
		{0A824786-EEDC-400A-A087-9B6E03E8BF3A} = {827E0CD3-B72D-47B6-A68D-7590B98EB39B}
		{DCC1445B-0CBB-4978-967C-CC76E205DA31} = {827E0CD3-B72D-47B6-A68D-7590B98EB39B}
		{31C30A62-966C-4091-86A2-C38076455B8C} = {827E0CD3-B72D-47B6-A68D-7590B98EB39B}
		{69519A13-1BE8-423C-9865-6CF4365CDB9B} = {827E0CD3-B72D-47B6-A68D-7590B98EB39B}
		{74637D70-2DE3-4CAE-9E39-F90FC2C5D893} = {827E0CD3-B72D-47B6-A68D-7590B98EB39B}
		{3F437342-9087-4806-8691-4711E4C53CB2} = {0AB3BF05-4346-4AA6-1389-037BE0695223}
		{5D41D433-D01A-4661-A97E-221DD5283901} = {827E0CD3-B72D-47B6-A68D-7590B98EB39B}
	EndGlobalSection
EndGlobal
